
Microsoft Visual Studio Solution File, Format Version 12.00
# Visual Studio 15
VisualStudioVersion = 15.0.26124.0
MinimumVisualStudioVersion = 15.0.26124.0
Project("{FAE04EC0-301F-11D3-BF4B-00C04F79EFBC}") = "Mvc", "Mvc\Mvc.csproj", "{DE2F2DE5-7CAF-4FCF-99B4-8875D5B402B6}"
EndProject
Project("{FAE04EC0-301F-11D3-BF4B-00C04F79EFBC}") = "Dominio", "Dominio\Dominio.csproj", "{7D2DA709-C670-4F80-9736-3404FF3DE373}"
EndProject
Project("{FAE04EC0-301F-11D3-BF4B-00C04F79EFBC}") = "Dados", "Dados\Dados.csproj", "{B274C9F6-C94C-47DE-9CE7-B9BF03348736}"
EndProject
Global
	GlobalSection(SolutionConfigurationPlatforms) = preSolution
		Debug|Any CPU = Debug|Any CPU
		Debug|x64 = Debug|x64
		Debug|x86 = Debug|x86
		Release|Any CPU = Release|Any CPU
		Release|x64 = Release|x64
		Release|x86 = Release|x86
	EndGlobalSection
	GlobalSection(SolutionProperties) = preSolution
		HideSolutionNode = FALSE
	EndGlobalSection
	GlobalSection(ProjectConfigurationPlatforms) = postSolution
		{DE2F2DE5-7CAF-4FCF-99B4-8875D5B402B6}.Debug|Any CPU.ActiveCfg = Debug|Any CPU
		{DE2F2DE5-7CAF-4FCF-99B4-8875D5B402B6}.Debug|Any CPU.Build.0 = Debug|Any CPU
		{DE2F2DE5-7CAF-4FCF-99B4-8875D5B402B6}.Debug|x64.ActiveCfg = Debug|Any CPU
		{DE2F2DE5-7CAF-4FCF-99B4-8875D5B402B6}.Debug|x64.Build.0 = Debug|Any CPU
		{DE2F2DE5-7CAF-4FCF-99B4-8875D5B402B6}.Debug|x86.ActiveCfg = Debug|Any CPU
		{DE2F2DE5-7CAF-4FCF-99B4-8875D5B402B6}.Debug|x86.Build.0 = Debug|Any CPU
		{DE2F2DE5-7CAF-4FCF-99B4-8875D5B402B6}.Release|Any CPU.ActiveCfg = Release|Any CPU
		{DE2F2DE5-7CAF-4FCF-99B4-8875D5B402B6}.Release|Any CPU.Build.0 = Release|Any CPU
		{DE2F2DE5-7CAF-4FCF-99B4-8875D5B402B6}.Release|x64.ActiveCfg = Release|Any CPU
		{DE2F2DE5-7CAF-4FCF-99B4-8875D5B402B6}.Release|x64.Build.0 = Release|Any CPU
		{DE2F2DE5-7CAF-4FCF-99B4-8875D5B402B6}.Release|x86.ActiveCfg = Release|Any CPU
		{DE2F2DE5-7CAF-4FCF-99B4-8875D5B402B6}.Release|x86.Build.0 = Release|Any CPU
		{7D2DA709-C670-4F80-9736-3404FF3DE373}.Debug|Any CPU.ActiveCfg = Debug|Any CPU
		{7D2DA709-C670-4F80-9736-3404FF3DE373}.Debug|Any CPU.Build.0 = Debug|Any CPU
		{7D2DA709-C670-4F80-9736-3404FF3DE373}.Debug|x64.ActiveCfg = Debug|Any CPU
		{7D2DA709-C670-4F80-9736-3404FF3DE373}.Debug|x64.Build.0 = Debug|Any CPU
		{7D2DA709-C670-4F80-9736-3404FF3DE373}.Debug|x86.ActiveCfg = Debug|Any CPU
		{7D2DA709-C670-4F80-9736-3404FF3DE373}.Debug|x86.Build.0 = Debug|Any CPU
		{7D2DA709-C670-4F80-9736-3404FF3DE373}.Release|Any CPU.ActiveCfg = Release|Any CPU
		{7D2DA709-C670-4F80-9736-3404FF3DE373}.Release|Any CPU.Build.0 = Release|Any CPU
		{7D2DA709-C670-4F80-9736-3404FF3DE373}.Release|x64.ActiveCfg = Release|Any CPU
		{7D2DA709-C670-4F80-9736-3404FF3DE373}.Release|x64.Build.0 = Release|Any CPU
		{7D2DA709-C670-4F80-9736-3404FF3DE373}.Release|x86.ActiveCfg = Release|Any CPU
		{7D2DA709-C670-4F80-9736-3404FF3DE373}.Release|x86.Build.0 = Release|Any CPU
		{B274C9F6-C94C-47DE-9CE7-B9BF03348736}.Debug|Any CPU.ActiveCfg = Debug|Any CPU
		{B274C9F6-C94C-47DE-9CE7-B9BF03348736}.Debug|Any CPU.Build.0 = Debug|Any CPU
		{B274C9F6-C94C-47DE-9CE7-B9BF03348736}.Debug|x64.ActiveCfg = Debug|Any CPU
		{B274C9F6-C94C-47DE-9CE7-B9BF03348736}.Debug|x64.Build.0 = Debug|Any CPU
		{B274C9F6-C94C-47DE-9CE7-B9BF03348736}.Debug|x86.ActiveCfg = Debug|Any CPU
		{B274C9F6-C94C-47DE-9CE7-B9BF03348736}.Debug|x86.Build.0 = Debug|Any CPU
		{B274C9F6-C94C-47DE-9CE7-B9BF03348736}.Release|Any CPU.ActiveCfg = Release|Any CPU
		{B274C9F6-C94C-47DE-9CE7-B9BF03348736}.Release|Any CPU.Build.0 = Release|Any CPU
		{B274C9F6-C94C-47DE-9CE7-B9BF03348736}.Release|x64.ActiveCfg = Release|Any CPU
		{B274C9F6-C94C-47DE-9CE7-B9BF03348736}.Release|x64.Build.0 = Release|Any CPU
		{B274C9F6-C94C-47DE-9CE7-B9BF03348736}.Release|x86.ActiveCfg = Release|Any CPU
		{B274C9F6-C94C-47DE-9CE7-B9BF03348736}.Release|x86.Build.0 = Release|Any CPU
	EndGlobalSection
EndGlobal
